// !$*UTF8*$!
{
	archiveVersion = 1;
	classes = {
	};
	objectVersion = 77;
	objects = {

/* Begin PBXCopyFilesBuildPhase section */
		129423552EF24924007D6531 /* CopyFiles */ = {
			isa = PBXCopyFilesBuildPhase;
			buildActionMask = 2147483647;
			dstPath = /usr/share/man/man1/;
			dstSubfolderSpec = 0;
			files = (
			);
			runOnlyForDeploymentPostprocessing = 1;
		};
/* End PBXCopyFilesBuildPhase section */

/* Begin PBXFileReference section */
		129423572EF24924007D6531 /* mod2 */ = {isa = PBXFileReference; explicitFileType = "compiled.mach-o.executable"; includeInIndex = 0; path = mod2; sourceTree = BUILT_PRODUCTS_DIR; };
/* End PBXFileReference section */

/* Begin PBXFileSystemSynchronizedBuildFileExceptionSet section */
		1204A4C32F1E509200FA8636 /* Exceptions for "mod2" folder in "mod2" target */ = {
			isa = PBXFileSystemSynchronizedBuildFileExceptionSet;
			membershipExceptions = (
				".venv/lib/python3.14/site-packages/numpy/_core/include/numpy/__multiarray_api.c",
				".venv/lib/python3.14/site-packages/numpy/_core/include/numpy/__ufunc_api.c",
				".venv/lib/python3.14/site-packages/numpy/_core/lib/libnpymath.a",
				".venv/lib/python3.14/site-packages/numpy/_core/tests/data/generate_umath_validation_data.cpp",
				".venv/lib/python3.14/site-packages/numpy/_core/tests/examples/limited_api/limited_api_latest.c",
				".venv/lib/python3.14/site-packages/numpy/_core/tests/examples/limited_api/limited_api1.c",
				".venv/lib/python3.14/site-packages/numpy/f2py/src/fortranobject.c",
				".venv/lib/python3.14/site-packages/numpy/f2py/tests/src/abstract_interface/foo.f90",
				".venv/lib/python3.14/site-packages/numpy/f2py/tests/src/abstract_interface/gh18403_mod.f90",
				".venv/lib/python3.14/site-packages/numpy/f2py/tests/src/array_from_pyobj/wrapmodule.c",
				".venv/lib/python3.14/site-packages/numpy/f2py/tests/src/assumed_shape/foo_free.f90",
				".venv/lib/python3.14/site-packages/numpy/f2py/tests/src/assumed_shape/foo_mod.f90",
				".venv/lib/python3.14/site-packages/numpy/f2py/tests/src/assumed_shape/foo_use.f90",
				".venv/lib/python3.14/site-packages/numpy/f2py/tests/src/assumed_shape/precision.f90",
				".venv/lib/python3.14/site-packages/numpy/f2py/tests/src/block_docstring/foo.f",
				".venv/lib/python3.14/site-packages/numpy/f2py/tests/src/callback/foo.f",
				".venv/lib/python3.14/site-packages/numpy/f2py/tests/src/callback/gh17797.f90",
				".venv/lib/python3.14/site-packages/numpy/f2py/tests/src/callback/gh18335.f90",
				".venv/lib/python3.14/site-packages/numpy/f2py/tests/src/callback/gh25211.f",
				".venv/lib/python3.14/site-packages/numpy/f2py/tests/src/callback/gh26681.f90",
				".venv/lib/python3.14/site-packages/numpy/f2py/tests/src/cli/hi77.f",
				".venv/lib/python3.14/site-packages/numpy/f2py/tests/src/cli/hiworld.f90",
				".venv/lib/python3.14/site-packages/numpy/f2py/tests/src/common/block.f",
				".venv/lib/python3.14/site-packages/numpy/f2py/tests/src/common/gh19161.f90",
				".venv/lib/python3.14/site-packages/numpy/f2py/tests/src/crackfortran/accesstype.f90",
				".venv/lib/python3.14/site-packages/numpy/f2py/tests/src/crackfortran/common_with_division.f",
				".venv/lib/python3.14/site-packages/numpy/f2py/tests/src/crackfortran/data_common.f",
				".venv/lib/python3.14/site-packages/numpy/f2py/tests/src/crackfortran/data_multiplier.f",
				".venv/lib/python3.14/site-packages/numpy/f2py/tests/src/crackfortran/data_stmts.f90",
				".venv/lib/python3.14/site-packages/numpy/f2py/tests/src/crackfortran/data_with_comments.f",
				".venv/lib/python3.14/site-packages/numpy/f2py/tests/src/crackfortran/foo_deps.f90",
				".venv/lib/python3.14/site-packages/numpy/f2py/tests/src/crackfortran/gh2848.f90",
				".venv/lib/python3.14/site-packages/numpy/f2py/tests/src/crackfortran/gh15035.f",
				".venv/lib/python3.14/site-packages/numpy/f2py/tests/src/crackfortran/gh17859.f",
				".venv/lib/python3.14/site-packages/numpy/f2py/tests/src/crackfortran/gh23533.f",
				".venv/lib/python3.14/site-packages/numpy/f2py/tests/src/crackfortran/gh23598.f90",
				".venv/lib/python3.14/site-packages/numpy/f2py/tests/src/crackfortran/gh23598Warn.f90",
				".venv/lib/python3.14/site-packages/numpy/f2py/tests/src/crackfortran/gh23879.f90",
				".venv/lib/python3.14/site-packages/numpy/f2py/tests/src/crackfortran/gh27697.f90",
				".venv/lib/python3.14/site-packages/numpy/f2py/tests/src/crackfortran/operators.f90",
				".venv/lib/python3.14/site-packages/numpy/f2py/tests/src/crackfortran/privatemod.f90",
				".venv/lib/python3.14/site-packages/numpy/f2py/tests/src/crackfortran/publicmod.f90",
				".venv/lib/python3.14/site-packages/numpy/f2py/tests/src/crackfortran/pubprivmod.f90",
				".venv/lib/python3.14/site-packages/numpy/f2py/tests/src/crackfortran/unicode_comment.f90",
				".venv/lib/python3.14/site-packages/numpy/f2py/tests/src/f2cmap/isoFortranEnvMap.f90",
				".venv/lib/python3.14/site-packages/numpy/f2py/tests/src/isocintrin/isoCtests.f90",
				".venv/lib/python3.14/site-packages/numpy/f2py/tests/src/kind/foo.f90",
				".venv/lib/python3.14/site-packages/numpy/f2py/tests/src/mixed/foo_fixed.f90",
				".venv/lib/python3.14/site-packages/numpy/f2py/tests/src/mixed/foo_free.f90",
				".venv/lib/python3.14/site-packages/numpy/f2py/tests/src/mixed/foo.f",
				".venv/lib/python3.14/site-packages/numpy/f2py/tests/src/modules/gh25337/data.f90",
				".venv/lib/python3.14/site-packages/numpy/f2py/tests/src/modules/gh25337/use_data.f90",
				".venv/lib/python3.14/site-packages/numpy/f2py/tests/src/modules/gh26920/two_mods_with_no_public_entities.f90",
				".venv/lib/python3.14/site-packages/numpy/f2py/tests/src/modules/gh26920/two_mods_with_one_public_routine.f90",
				".venv/lib/python3.14/site-packages/numpy/f2py/tests/src/modules/module_data_docstring.f90",
				".venv/lib/python3.14/site-packages/numpy/f2py/tests/src/modules/use_modules.f90",
				".venv/lib/python3.14/site-packages/numpy/f2py/tests/src/negative_bounds/issue_20853.f90",
				".venv/lib/python3.14/site-packages/numpy/f2py/tests/src/parameter/constant_array.f90",
				".venv/lib/python3.14/site-packages/numpy/f2py/tests/src/parameter/constant_both.f90",
				".venv/lib/python3.14/site-packages/numpy/f2py/tests/src/parameter/constant_compound.f90",
				".venv/lib/python3.14/site-packages/numpy/f2py/tests/src/parameter/constant_integer.f90",
				".venv/lib/python3.14/site-packages/numpy/f2py/tests/src/parameter/constant_non_compound.f90",
				".venv/lib/python3.14/site-packages/numpy/f2py/tests/src/parameter/constant_real.f90",
				".venv/lib/python3.14/site-packages/numpy/f2py/tests/src/quoted_character/foo.f",
				".venv/lib/python3.14/site-packages/numpy/f2py/tests/src/regression/AB.inc",
				".venv/lib/python3.14/site-packages/numpy/f2py/tests/src/regression/assignOnlyModule.f90",
				".venv/lib/python3.14/site-packages/numpy/f2py/tests/src/regression/datonly.f90",
				".venv/lib/python3.14/site-packages/numpy/f2py/tests/src/regression/f77comments.f",
				".venv/lib/python3.14/site-packages/numpy/f2py/tests/src/regression/f77fixedform.f95",
				".venv/lib/python3.14/site-packages/numpy/f2py/tests/src/regression/f90continuation.f90",
				".venv/lib/python3.14/site-packages/numpy/f2py/tests/src/regression/incfile.f90",
				".venv/lib/python3.14/site-packages/numpy/f2py/tests/src/regression/inout.f90",
				".venv/lib/python3.14/site-packages/numpy/f2py/tests/src/regression/lower_f2py_fortran.f90",
				".venv/lib/python3.14/site-packages/numpy/f2py/tests/src/regression/mod_derived_types.f90",
				".venv/lib/python3.14/site-packages/numpy/f2py/tests/src/return_character/foo77.f",
				".venv/lib/python3.14/site-packages/numpy/f2py/tests/src/return_character/foo90.f90",
				".venv/lib/python3.14/site-packages/numpy/f2py/tests/src/return_complex/foo77.f",
				".venv/lib/python3.14/site-packages/numpy/f2py/tests/src/return_complex/foo90.f90",
				".venv/lib/python3.14/site-packages/numpy/f2py/tests/src/return_integer/foo77.f",
				".venv/lib/python3.14/site-packages/numpy/f2py/tests/src/return_integer/foo90.f90",
				".venv/lib/python3.14/site-packages/numpy/f2py/tests/src/return_logical/foo77.f",
				".venv/lib/python3.14/site-packages/numpy/f2py/tests/src/return_logical/foo90.f90",
				".venv/lib/python3.14/site-packages/numpy/f2py/tests/src/return_real/foo77.f",
				".venv/lib/python3.14/site-packages/numpy/f2py/tests/src/return_real/foo90.f90",
				".venv/lib/python3.14/site-packages/numpy/f2py/tests/src/routines/funcfortranname.f",
				".venv/lib/python3.14/site-packages/numpy/f2py/tests/src/routines/subrout.f",
				".venv/lib/python3.14/site-packages/numpy/f2py/tests/src/size/foo.f90",
				".venv/lib/python3.14/site-packages/numpy/f2py/tests/src/string/char.f90",
				".venv/lib/python3.14/site-packages/numpy/f2py/tests/src/string/fixed_string.f90",
				".venv/lib/python3.14/site-packages/numpy/f2py/tests/src/string/gh24008.f",
				".venv/lib/python3.14/site-packages/numpy/f2py/tests/src/string/gh24662.f90",
				".venv/lib/python3.14/site-packages/numpy/f2py/tests/src/string/gh25286.f90",
				".venv/lib/python3.14/site-packages/numpy/f2py/tests/src/string/scalar_string.f90",
				".venv/lib/python3.14/site-packages/numpy/f2py/tests/src/string/string.f",
				".venv/lib/python3.14/site-packages/numpy/f2py/tests/src/value_attrspec/gh21665.f90",
				".venv/lib/python3.14/site-packages/numpy/random/lib/libnpyrandom.a",
				".venv/lib/python3.14/site-packages/orjson/orjson.cpython-314-darwin.so",
				".venv/lib/python3.14/site-packages/scipy/.dylibs/libgcc_s.1.1.dylib",
				".venv/lib/python3.14/site-packages/scipy/.dylibs/libgfortran.5.dylib",
				".venv/lib/python3.14/site-packages/scipy/.dylibs/libquadmath.0.dylib",
			);
			target = 129423562EF24924007D6531 /* mod2 */;
		};
/* End PBXFileSystemSynchronizedBuildFileExceptionSet section */

/* Begin PBXFileSystemSynchronizedRootGroup section */
		129423592EF24924007D6531 /* mod2 */ = {
			isa = PBXFileSystemSynchronizedRootGroup;
			exceptions = (
				1204A4C32F1E509200FA8636 /* Exceptions for "mod2" folder in "mod2" target */,
			);
			path = mod2;
			sourceTree = "<group>";
		};
/* End PBXFileSystemSynchronizedRootGroup section */

/* Begin PBXFrameworksBuildPhase section */
		129423542EF24924007D6531 /* Frameworks */ = {
			isa = PBXFrameworksBuildPhase;
			buildActionMask = 2147483647;
			files = (
			);
			runOnlyForDeploymentPostprocessing = 0;
		};
/* End PBXFrameworksBuildPhase section */

/* Begin PBXGroup section */
		1204A4C42F1E533500FA8636 /* Frameworks */ = {
			isa = PBXGroup;
			children = (
			);
			name = Frameworks;
			sourceTree = "<group>";
		};
		1294234E2EF24924007D6531 = {
			isa = PBXGroup;
			children = (
				129423592EF24924007D6531 /* mod2 */,
				1204A4C42F1E533500FA8636 /* Frameworks */,
				129423582EF24924007D6531 /* Products */,
			);
			sourceTree = "<group>";
		};
		129423582EF24924007D6531 /* Products */ = {
			isa = PBXGroup;
			children = (
				129423572EF24924007D6531 /* mod2 */,
			);
			name = Products;
			sourceTree = "<group>";
		};
/* End PBXGroup section */

/* Begin PBXNativeTarget section */
		129423562EF24924007D6531 /* mod2 */ = {
			isa = PBXNativeTarget;
			buildConfigurationList = 1294235E2EF24924007D6531 /* Build configuration list for PBXNativeTarget "mod2" */;
			buildPhases = (
				129423532EF24924007D6531 /* Sources */,
				129423542EF24924007D6531 /* Frameworks */,
				129423552EF24924007D6531 /* CopyFiles */,
			);
			buildRules = (
			);
			dependencies = (
			);
			fileSystemSynchronizedGroups = (
				129423592EF24924007D6531 /* mod2 */,
			);
			name = mod2;
			packageProductDependencies = (
			);
			productName = mod2;
			productReference = 129423572EF24924007D6531 /* mod2 */;
			productType = "com.apple.product-type.tool";
		};
/* End PBXNativeTarget section */

/* Begin PBXProject section */
		1294234F2EF24924007D6531 /* Project object */ = {
			isa = PBXProject;
			attributes = {
				BuildIndependentTargetsInParallel = 1;
				LastUpgradeCheck = 2620;
				TargetAttributes = {
					129423562EF24924007D6531 = {
						CreatedOnToolsVersion = 26.1.1;
					};
				};
			};
			buildConfigurationList = 129423522EF24924007D6531 /* Build configuration list for PBXProject "mod2" */;
			developmentRegion = en;
			hasScannedForEncodings = 0;
			knownRegions = (
				en,
				Base,
			);
			mainGroup = 1294234E2EF24924007D6531;
			minimizedProjectReferenceProxies = 1;
			preferredProjectObjectVersion = 77;
			productRefGroup = 129423582EF24924007D6531 /* Products */;
			projectDirPath = "";
			projectRoot = "";
			targets = (
				129423562EF24924007D6531 /* mod2 */,
			);
		};
/* End PBXProject section */

/* Begin PBXSourcesBuildPhase section */
		129423532EF24924007D6531 /* Sources */ = {
			isa = PBXSourcesBuildPhase;
			buildActionMask = 2147483647;
			files = (
			);
			runOnlyForDeploymentPostprocessing = 0;
		};
/* End PBXSourcesBuildPhase section */

/* Begin XCBuildConfiguration section */
		1294235C2EF24924007D6531 /* Debug */ = {
			isa = XCBuildConfiguration;
			buildSettings = {
				ALWAYS_SEARCH_USER_PATHS = YES;
				ASSETCATALOG_COMPILER_GENERATE_SWIFT_ASSET_SYMBOL_EXTENSIONS = YES;
				CLANG_ANALYZER_NONNULL = YES;
				CLANG_ANALYZER_NUMBER_OBJECT_CONVERSION = YES_AGGRESSIVE;
				CLANG_CXX_LANGUAGE_STANDARD = "gnu++20";
				CLANG_ENABLE_MODULES = YES;
				CLANG_ENABLE_OBJC_ARC = YES;
				CLANG_ENABLE_OBJC_WEAK = YES;
				CLANG_WARN_BLOCK_CAPTURE_AUTORELEASING = YES;
				CLANG_WARN_BOOL_CONVERSION = YES;
				CLANG_WARN_COMMA = YES;
				CLANG_WARN_CONSTANT_CONVERSION = YES;
				CLANG_WARN_DEPRECATED_OBJC_IMPLEMENTATIONS = YES;
				CLANG_WARN_DIRECT_OBJC_ISA_USAGE = YES_ERROR;
				CLANG_WARN_DOCUMENTATION_COMMENTS = YES;
				CLANG_WARN_EMPTY_BODY = YES;
				CLANG_WARN_ENUM_CONVERSION = YES;
				CLANG_WARN_INFINITE_RECURSION = YES;
				CLANG_WARN_INT_CONVERSION = YES;
				CLANG_WARN_NON_LITERAL_NULL_CONVERSION = YES;
				CLANG_WARN_OBJC_IMPLICIT_RETAIN_SELF = YES;
				CLANG_WARN_OBJC_LITERAL_CONVERSION = YES;
				CLANG_WARN_OBJC_ROOT_CLASS = YES_ERROR;
				CLANG_WARN_QUOTED_INCLUDE_IN_FRAMEWORK_HEADER = YES;
				CLANG_WARN_RANGE_LOOP_ANALYSIS = YES;
				CLANG_WARN_STRICT_PROTOTYPES = YES;
				CLANG_WARN_SUSPICIOUS_MOVE = YES;
				CLANG_WARN_UNGUARDED_AVAILABILITY = YES_AGGRESSIVE;
				CLANG_WARN_UNREACHABLE_CODE = YES;
				CLANG_WARN__DUPLICATE_METHOD_MATCH = YES;
				COPY_PHASE_STRIP = NO;
				DEAD_CODE_STRIPPING = YES;
				DEBUG_INFORMATION_FORMAT = dwarf;
				DEVELOPMENT_TEAM = CUX832QWMG;
				ENABLE_STRICT_OBJC_MSGSEND = YES;
				ENABLE_TESTABILITY = YES;
				ENABLE_USER_SCRIPT_SANDBOXING = YES;
				GCC_C_LANGUAGE_STANDARD = gnu17;
				GCC_DYNAMIC_NO_PIC = NO;
				GCC_NO_COMMON_BLOCKS = YES;
				GCC_OPTIMIZATION_LEVEL = 0;
				GCC_PREPROCESSOR_DEFINITIONS = (
					"DEBUG=1",
					"$(inherited)",
				);
				GCC_WARN_64_TO_32_BIT_CONVERSION = YES;
				GCC_WARN_ABOUT_RETURN_TYPE = YES_ERROR;
				GCC_WARN_UNDECLARED_SELECTOR = YES;
				GCC_WARN_UNINITIALIZED_AUTOS = YES_AGGRESSIVE;
				GCC_WARN_UNUSED_FUNCTION = YES;
				GCC_WARN_UNUSED_VARIABLE = YES;
				LOCALIZATION_PREFERS_STRING_CATALOGS = YES;
				MACOSX_DEPLOYMENT_TARGET = 26.1;
				MTL_ENABLE_DEBUG_INFO = INCLUDE_SOURCE;
				MTL_FAST_MATH = YES;
				ONLY_ACTIVE_ARCH = YES;
				SDKROOT = macosx;
				STRING_CATALOG_GENERATE_SYMBOLS = YES;
			};
			name = Debug;
		};
		1294235D2EF24924007D6531 /* Release */ = {
			isa = XCBuildConfiguration;
			buildSettings = {
				ALWAYS_SEARCH_USER_PATHS = YES;
				ASSETCATALOG_COMPILER_GENERATE_SWIFT_ASSET_SYMBOL_EXTENSIONS = YES;
				CLANG_ANALYZER_NONNULL = YES;
				CLANG_ANALYZER_NUMBER_OBJECT_CONVERSION = YES_AGGRESSIVE;
				CLANG_CXX_LANGUAGE_STANDARD = "gnu++20";
				CLANG_ENABLE_MODULES = YES;
				CLANG_ENABLE_OBJC_ARC = YES;
				CLANG_ENABLE_OBJC_WEAK = YES;
				CLANG_WARN_BLOCK_CAPTURE_AUTORELEASING = YES;
				CLANG_WARN_BOOL_CONVERSION = YES;
				CLANG_WARN_COMMA = YES;
				CLANG_WARN_CONSTANT_CONVERSION = YES;
				CLANG_WARN_DEPRECATED_OBJC_IMPLEMENTATIONS = YES;
				CLANG_WARN_DIRECT_OBJC_ISA_USAGE = YES_ERROR;
				CLANG_WARN_DOCUMENTATION_COMMENTS = YES;
				CLANG_WARN_EMPTY_BODY = YES;
				CLANG_WARN_ENUM_CONVERSION = YES;
				CLANG_WARN_INFINITE_RECURSION = YES;
				CLANG_WARN_INT_CONVERSION = YES;
				CLANG_WARN_NON_LITERAL_NULL_CONVERSION = YES;
				CLANG_WARN_OBJC_IMPLICIT_RETAIN_SELF = YES;
				CLANG_WARN_OBJC_LITERAL_CONVERSION = YES;
				CLANG_WARN_OBJC_ROOT_CLASS = YES_ERROR;
				CLANG_WARN_QUOTED_INCLUDE_IN_FRAMEWORK_HEADER = YES;
				CLANG_WARN_RANGE_LOOP_ANALYSIS = YES;
				CLANG_WARN_STRICT_PROTOTYPES = YES;
				CLANG_WARN_SUSPICIOUS_MOVE = YES;
				CLANG_WARN_UNGUARDED_AVAILABILITY = YES_AGGRESSIVE;
				CLANG_WARN_UNREACHABLE_CODE = YES;
				CLANG_WARN__DUPLICATE_METHOD_MATCH = YES;
				COPY_PHASE_STRIP = NO;
				DEAD_CODE_STRIPPING = YES;
				DEBUG_INFORMATION_FORMAT = "dwarf-with-dsym";
				DEVELOPMENT_TEAM = CUX832QWMG;
				ENABLE_NS_ASSERTIONS = NO;
				ENABLE_STRICT_OBJC_MSGSEND = YES;
				ENABLE_USER_SCRIPT_SANDBOXING = YES;
				GCC_C_LANGUAGE_STANDARD = gnu17;
				GCC_NO_COMMON_BLOCKS = YES;
				GCC_WARN_64_TO_32_BIT_CONVERSION = YES;
				GCC_WARN_ABOUT_RETURN_TYPE = YES_ERROR;
				GCC_WARN_UNDECLARED_SELECTOR = YES;
				GCC_WARN_UNINITIALIZED_AUTOS = YES_AGGRESSIVE;
				GCC_WARN_UNUSED_FUNCTION = YES;
				GCC_WARN_UNUSED_VARIABLE = YES;
				LOCALIZATION_PREFERS_STRING_CATALOGS = YES;
				MACOSX_DEPLOYMENT_TARGET = 26.1;
				MTL_ENABLE_DEBUG_INFO = NO;
				MTL_FAST_MATH = YES;
				SDKROOT = macosx;
				STRING_CATALOG_GENERATE_SYMBOLS = YES;
			};
			name = Release;
		};
		1294235F2EF24924007D6531 /* Debug */ = {
			isa = XCBuildConfiguration;
			buildSettings = {
				CODE_SIGN_STYLE = Automatic;
				DEAD_CODE_STRIPPING = YES;
				DEVELOPMENT_TEAM = CUX832QWMG;
				ENABLE_HARDENED_RUNTIME = YES;
				LIBRARY_SEARCH_PATHS = (
					"$(inherited)",
					"$(PROJECT_DIR)/mod2/.venv/lib/python3.14/site-packages/numpy/random/lib",
					"$(PROJECT_DIR)/mod2/.venv/lib/python3.14/site-packages/numpy/_core/lib",
					"$(PROJECT_DIR)/mod2/.venv/lib/python3.14/site-packages/scipy/.dylibs",
					"$(PROJECT_DIR)/mod2/.venv/lib/python3.14/site-packages/orjson",
				);
				PRODUCT_NAME = "$(TARGET_NAME)";
			};
			name = Debug;
		};
		129423602EF24924007D6531 /* Release */ = {
			isa = XCBuildConfiguration;
			buildSettings = {
				CODE_SIGN_STYLE = Automatic;
				DEAD_CODE_STRIPPING = YES;
				DEVELOPMENT_TEAM = CUX832QWMG;
				ENABLE_HARDENED_RUNTIME = YES;
				LIBRARY_SEARCH_PATHS = (
					"$(inherited)",
					"$(PROJECT_DIR)/mod2/.venv/lib/python3.14/site-packages/numpy/random/lib",
					"$(PROJECT_DIR)/mod2/.venv/lib/python3.14/site-packages/numpy/_core/lib",
					"$(PROJECT_DIR)/mod2/.venv/lib/python3.14/site-packages/scipy/.dylibs",
					"$(PROJECT_DIR)/mod2/.venv/lib/python3.14/site-packages/orjson",
				);
				PRODUCT_NAME = "$(TARGET_NAME)";
			};
			name = Release;
		};
/* End XCBuildConfiguration section */

/* Begin XCConfigurationList section */
		129423522EF24924007D6531 /* Build configuration list for PBXProject "mod2" */ = {
			isa = XCConfigurationList;
			buildConfigurations = (
				1294235C2EF24924007D6531 /* Debug */,
				1294235D2EF24924007D6531 /* Release */,
			);
			defaultConfigurationIsVisible = 0;
			defaultConfigurationName = Release;
		};
		1294235E2EF24924007D6531 /* Build configuration list for PBXNativeTarget "mod2" */ = {
			isa = XCConfigurationList;
			buildConfigurations = (
				1294235F2EF24924007D6531 /* Debug */,
				129423602EF24924007D6531 /* Release */,
			);
			defaultConfigurationIsVisible = 0;
			defaultConfigurationName = Release;
		};
/* End XCConfigurationList section */
	};
	rootObject = 1294234F2EF24924007D6531 /* Project object */;
}
